
Microsoft Visual Studio Solution File, Format Version 12.00
# Visual Studio Version 17
VisualStudioVersion = 17.13.35931.197 d17.13
MinimumVisualStudioVersion = 10.0.40219.1
Project("{FAE04EC0-301F-11D3-BF4B-00C04F79EFBC}") = "ProiectIS", "ProiectIS\ProiectIS.csproj", "{04973BBA-B7AE-4867-B881-D58BD66862C3}"
EndProject
Global
	GlobalSection(SolutionConfigurationPlatforms) = preSolution
		Debug|Any CPU = Debug|Any CPU
		Release|Any CPU = Release|Any CPU
	EndGlobalSection
	GlobalSection(ProjectConfigurationPlatforms) = postSolution
		{04973BBA-B7AE-4867-B881-D58BD66862C3}.Debug|Any CPU.ActiveCfg = Debug|Any CPU
		{04973BBA-B7AE-4867-B881-D58BD66862C3}.Debug|Any CPU.Build.0 = Debug|Any CPU
		{04973BBA-B7AE-4867-B881-D58BD66862C3}.Release|Any CPU.ActiveCfg = Release|Any CPU
		{04973BBA-B7AE-4867-B881-D58BD66862C3}.Release|Any CPU.Build.0 = Release|Any CPU
	EndGlobalSection
	GlobalSection(SolutionProperties) = preSolution
		HideSolutionNode = FALSE
	EndGlobalSection
	GlobalSection(ExtensibilityGlobals) = postSolution
		SolutionGuid = {FC5E5DC1-1D29-44E4-9810-205CA8D7512F}
	EndGlobalSection
EndGlobal
